{
	"name": "@rmui/button",
	"version": "0.0.0",
	"lockfileVersion": 1,
	"requires": true,
	"dependencies": {
		"@material/animation": {
			"version": "0.41.0",
			"resolved": "https://registry.npmjs.org/@material/animation/-/animation-0.41.0.tgz",
			"integrity": "sha512-yYAwJbX3Q2AFd4dr6IYOsWLQy2HN8zWOFVl9AbUXunjzTfJCa/ecfXCriaT6qkmoNoHeTdJHRrsQJZC5GsPvzA=="
		},
		"@material/base": {
			"version": "0.41.0",
			"resolved": "https://registry.npmjs.org/@material/base/-/base-0.41.0.tgz",
			"integrity": "sha512-tEyzwBRu3d1H120SfKsDVYZHcqT5lKohh/7cWKR93aAaPDkSvjpKJIjyu2yuSkjpDduVZGzVocYbOvhUKhhzXQ=="
		},
		"@material/button": {
			"version": "0.44.0",
			"resolved": "https://registry.npmjs.org/@material/button/-/button-0.44.0.tgz",
			"integrity": "sha512-T8u8s8rlB49D9/5Nh5b0XsKRgSq3X0yWGo71MgaTnCnwxt8oZ6PxW/cH6Nn3Xp0NCr3mlSVQs08BviUfAmtlsg==",
			"requires": {
				"@material/elevation": "^0.44.0",
				"@material/feature-targeting": "^0.44.0",
				"@material/ripple": "^0.44.0",
				"@material/rtl": "^0.42.0",
				"@material/shape": "^0.43.0",
				"@material/theme": "^0.43.0",
				"@material/typography": "^0.44.0"
			}
		},
		"@material/elevation": {
			"version": "0.44.0",
			"resolved": "https://registry.npmjs.org/@material/elevation/-/elevation-0.44.0.tgz",
			"integrity": "sha512-edNou34yFCSMb6XXe/6Y7AEh8DigWAhBUyIeMiMBD4k1km2xYCJbcnl8FBPJFteOrca97KoJComRlJPB6EurRQ==",
			"requires": {
				"@material/animation": "^0.41.0",
				"@material/theme": "^0.43.0"
			}
		},
		"@material/feature-targeting": {
			"version": "0.44.0",
			"resolved": "https://registry.npmjs.org/@material/feature-targeting/-/feature-targeting-0.44.0.tgz",
			"integrity": "sha512-ShuC2TOLfjFpYUCQFtvkqDJhM6HTaucSx5HkRbOvOG+VlpzDx6pAqRUmdVaq2p7tHoQf2vwPMlSVm3gOjWt4VQ=="
		},
		"@material/ripple": {
			"version": "0.44.0",
			"resolved": "https://registry.npmjs.org/@material/ripple/-/ripple-0.44.0.tgz",
			"integrity": "sha512-MlaW4nUDgzS0JOBfsUawXyTOilr0jn+xvTVn6PEaGh2rmhNA54AhixXvdsVUWE9lfmHAsZV0AJHz2z7nunNhbQ==",
			"requires": {
				"@material/animation": "^0.41.0",
				"@material/base": "^0.41.0",
				"@material/feature-targeting": "^0.44.0",
				"@material/theme": "^0.43.0"
			}
		},
		"@material/rtl": {
			"version": "0.42.0",
			"resolved": "https://registry.npmjs.org/@material/rtl/-/rtl-0.42.0.tgz",
			"integrity": "sha512-VrnrKJzhmspsN8WXHuxxBZ69yM5IwhCUqWr1t1eNfw3ZEvEj7i1g3P31HGowKThIN1dc1Wh4LE14rCISWCtv5w=="
		},
		"@material/shape": {
			"version": "0.43.0",
			"resolved": "https://registry.npmjs.org/@material/shape/-/shape-0.43.0.tgz",
			"integrity": "sha512-KGnoQV4G2OQbMe5Lr5Xbk8XNlO93Qi/juxXtd2wrAfiaPmktD8ug0CwdVDOPBOmj9a0gX3Ofi9XWcoU+tLEVjg=="
		},
		"@material/theme": {
			"version": "0.43.0",
			"resolved": "https://registry.npmjs.org/@material/theme/-/theme-0.43.0.tgz",
			"integrity": "sha512-/zndZL6EihI18v2mYd4O8xvOBAAXmLeHyHVK28LozSAaJ9okQgD25wq5Ktk95oMTmPIC+rH66KcK6371ivNk8g=="
		},
		"@material/typography": {
			"version": "0.44.0",
			"resolved": "https://registry.npmjs.org/@material/typography/-/typography-0.44.0.tgz",
			"integrity": "sha512-m4SjA9OjZRDKowN3cPzEa8e2GlTlEn3ZmW/Fy9eRNSp83iY+8a0xl6kCaF80v5qAVwVcpfEFyEHWxMJtkBw2uA=="
		}
	}
}
